
Microsoft Visual Studio Solution File, Format Version 12.00
# Visual Studio 2013
VisualStudioVersion = 12.0.31101.0
MinimumVisualStudioVersion = 10.0.40219.1
Project("{FAE04EC0-301F-11D3-BF4B-00C04F79EFBC}") = "DakwerkenRadino.Web", "DakwerkenRadino\DakwerkenRadino.Web.csproj", "{D612D6F1-129D-46A7-A3F5-97FA11EB56D9}"
	ProjectSection(ProjectDependencies) = postProject
		{A9157202-3D4E-45F6-B1D6-4BDF801C5442} = {A9157202-3D4E-45F6-B1D6-4BDF801C5442}
		{A319EFB3-33A7-42A7-A6F5-FF85713C88FF} = {A319EFB3-33A7-42A7-A6F5-FF85713C88FF}
	EndProjectSection
EndProject
Project("{2150E333-8FDC-42A3-9474-1A3956D46DE8}") = ".nuget", ".nuget", "{87AE94A7-26AD-489B-9D3E-AF9921B630FA}"
	ProjectSection(SolutionItems) = preProject
		.nuget\packages.config = .nuget\packages.config
	EndProjectSection
EndProject
Project("{FAE04EC0-301F-11D3-BF4B-00C04F79EFBC}") = "DakwerkenRadino.Business", "DakwerkenRadino.Business\DakwerkenRadino.Business.csproj", "{A9157202-3D4E-45F6-B1D6-4BDF801C5442}"
	ProjectSection(ProjectDependencies) = postProject
		{A319EFB3-33A7-42A7-A6F5-FF85713C88FF} = {A319EFB3-33A7-42A7-A6F5-FF85713C88FF}
	EndProjectSection
EndProject
Project("{FAE04EC0-301F-11D3-BF4B-00C04F79EFBC}") = "DakwerkenRadino.Core", "DakwerkenRadino.Core\DakwerkenRadino.Core.csproj", "{A319EFB3-33A7-42A7-A6F5-FF85713C88FF}"
EndProject
Project("{2150E333-8FDC-42A3-9474-1A3956D46DE8}") = "Packages", "Packages", "{D097ADF4-BC09-4300-8AC6-EBDBE1E768F5}"
EndProject
Project("{FAE04EC0-301F-11D3-BF4B-00C04F79EFBC}") = "DakwerkenRadino.Tests", "DakwerkenRadino.Tests\DakwerkenRadino.Tests.csproj", "{6C5C0A8A-0D2B-43C4-B35B-ECE42A26D7CC}"
	ProjectSection(ProjectDependencies) = postProject
		{A9157202-3D4E-45F6-B1D6-4BDF801C5442} = {A9157202-3D4E-45F6-B1D6-4BDF801C5442}
		{A319EFB3-33A7-42A7-A6F5-FF85713C88FF} = {A319EFB3-33A7-42A7-A6F5-FF85713C88FF}
		{D612D6F1-129D-46A7-A3F5-97FA11EB56D9} = {D612D6F1-129D-46A7-A3F5-97FA11EB56D9}
	EndProjectSection
EndProject
Global
	GlobalSection(SolutionConfigurationPlatforms) = preSolution
		Debug|Any CPU = Debug|Any CPU
		Release|Any CPU = Release|Any CPU
	EndGlobalSection
	GlobalSection(ProjectConfigurationPlatforms) = postSolution
		{D612D6F1-129D-46A7-A3F5-97FA11EB56D9}.Debug|Any CPU.ActiveCfg = Debug|Any CPU
		{D612D6F1-129D-46A7-A3F5-97FA11EB56D9}.Debug|Any CPU.Build.0 = Debug|Any CPU
		{D612D6F1-129D-46A7-A3F5-97FA11EB56D9}.Release|Any CPU.ActiveCfg = Release|Any CPU
		{D612D6F1-129D-46A7-A3F5-97FA11EB56D9}.Release|Any CPU.Build.0 = Release|Any CPU
		{A9157202-3D4E-45F6-B1D6-4BDF801C5442}.Debug|Any CPU.ActiveCfg = Debug|Any CPU
		{A9157202-3D4E-45F6-B1D6-4BDF801C5442}.Debug|Any CPU.Build.0 = Debug|Any CPU
		{A9157202-3D4E-45F6-B1D6-4BDF801C5442}.Release|Any CPU.ActiveCfg = Release|Any CPU
		{A9157202-3D4E-45F6-B1D6-4BDF801C5442}.Release|Any CPU.Build.0 = Release|Any CPU
		{A319EFB3-33A7-42A7-A6F5-FF85713C88FF}.Debug|Any CPU.ActiveCfg = Debug|Any CPU
		{A319EFB3-33A7-42A7-A6F5-FF85713C88FF}.Debug|Any CPU.Build.0 = Debug|Any CPU
		{A319EFB3-33A7-42A7-A6F5-FF85713C88FF}.Release|Any CPU.ActiveCfg = Release|Any CPU
		{A319EFB3-33A7-42A7-A6F5-FF85713C88FF}.Release|Any CPU.Build.0 = Release|Any CPU
		{6C5C0A8A-0D2B-43C4-B35B-ECE42A26D7CC}.Debug|Any CPU.ActiveCfg = Debug|Any CPU
		{6C5C0A8A-0D2B-43C4-B35B-ECE42A26D7CC}.Debug|Any CPU.Build.0 = Debug|Any CPU
		{6C5C0A8A-0D2B-43C4-B35B-ECE42A26D7CC}.Release|Any CPU.ActiveCfg = Release|Any CPU
		{6C5C0A8A-0D2B-43C4-B35B-ECE42A26D7CC}.Release|Any CPU.Build.0 = Release|Any CPU
	EndGlobalSection
	GlobalSection(SolutionProperties) = preSolution
		HideSolutionNode = FALSE
	EndGlobalSection
	GlobalSection(NestedProjects) = preSolution
		{87AE94A7-26AD-489B-9D3E-AF9921B630FA} = {D097ADF4-BC09-4300-8AC6-EBDBE1E768F5}
	EndGlobalSection
EndGlobal
